Microsoft Visual Studio Solution File, Format Version 12.00
# Visual Studio Version 16
VisualStudioVersion = 16.0.29613.14
MinimumVisualStudioVersion = 10.0.40219.1
Project("{FAE04EC0-301F-11D3-BF4B-00C04F79EFBC}") = "ThemingDemo.Android", "ThemingDemo.Android\ThemingDemo.Android.csproj", "{60D84DA2-9A8A-444B-BB0A-12EA822CB7AE}"
EndProject
Project("{FAE04EC0-301F-11D3-BF4B-00C04F79EFBC}") = "ThemingDemo.iOS", "ThemingDemo.iOS\ThemingDemo.iOS.csproj", "{042D73FB-D9AA-487C-A464-7472324ED555}"
EndProject
Project("{9A19103F-16F7-4668-BE54-9A1E7A4F7556}") = "ThemingDemo", "ThemingDemo\ThemingDemo.csproj", "{373D2082-568C-4630-90D2-B5C85E542EE0}"
EndProject
Global
	GlobalSection(SolutionConfigurationPlatforms) = preSolution
		BananaDebug|Any CPU = BananaDebug|Any CPU
		BananaDebug|iPhone = BananaDebug|iPhone
		BananaDebug|iPhoneSimulator = BananaDebug|iPhoneSimulator
		BananaRelease|Any CPU = BananaRelease|Any CPU
		BananaRelease|iPhone = BananaRelease|iPhone
		BananaRelease|iPhoneSimulator = BananaRelease|iPhoneSimulator
		Debug|Any CPU = Debug|Any CPU
		Debug|iPhone = Debug|iPhone
		Debug|iPhoneSimulator = Debug|iPhoneSimulator
		Release|Any CPU = Release|Any CPU
		Release|iPhone = Release|iPhone
		Release|iPhoneSimulator = Release|iPhoneSimulator
	EndGlobalSection
	GlobalSection(ProjectConfigurationPlatforms) = postSolution
		{60D84DA2-9A8A-444B-BB0A-12EA822CB7AE}.BananaDebug|Any CPU.ActiveCfg = BananaDebug|Any CPU
		{60D84DA2-9A8A-444B-BB0A-12EA822CB7AE}.BananaDebug|Any CPU.Build.0 = BananaDebug|Any CPU
		{60D84DA2-9A8A-444B-BB0A-12EA822CB7AE}.BananaDebug|Any CPU.Deploy.0 = BananaDebug|Any CPU
		{60D84DA2-9A8A-444B-BB0A-12EA822CB7AE}.BananaDebug|iPhone.ActiveCfg = BananaDebug|Any CPU
		{60D84DA2-9A8A-444B-BB0A-12EA822CB7AE}.BananaDebug|iPhone.Build.0 = BananaDebug|Any CPU
		{60D84DA2-9A8A-444B-BB0A-12EA822CB7AE}.BananaDebug|iPhone.Deploy.0 = BananaDebug|Any CPU
		{60D84DA2-9A8A-444B-BB0A-12EA822CB7AE}.BananaDebug|iPhoneSimulator.ActiveCfg = BananaDebug|Any CPU
		{60D84DA2-9A8A-444B-BB0A-12EA822CB7AE}.BananaDebug|iPhoneSimulator.Build.0 = BananaDebug|Any CPU
		{60D84DA2-9A8A-444B-BB0A-12EA822CB7AE}.BananaDebug|iPhoneSimulator.Deploy.0 = BananaDebug|Any CPU
		{60D84DA2-9A8A-444B-BB0A-12EA822CB7AE}.BananaRelease|Any CPU.ActiveCfg = BananaRelease|Any CPU
		{60D84DA2-9A8A-444B-BB0A-12EA822CB7AE}.BananaRelease|Any CPU.Build.0 = BananaRelease|Any CPU
		{60D84DA2-9A8A-444B-BB0A-12EA822CB7AE}.BananaRelease|Any CPU.Deploy.0 = BananaRelease|Any CPU
		{60D84DA2-9A8A-444B-BB0A-12EA822CB7AE}.BananaRelease|iPhone.ActiveCfg = BananaRelease|Any CPU
		{60D84DA2-9A8A-444B-BB0A-12EA822CB7AE}.BananaRelease|iPhone.Build.0 = BananaRelease|Any CPU
		{60D84DA2-9A8A-444B-BB0A-12EA822CB7AE}.BananaRelease|iPhone.Deploy.0 = BananaRelease|Any CPU
		{60D84DA2-9A8A-444B-BB0A-12EA822CB7AE}.BananaRelease|iPhoneSimulator.ActiveCfg = BananaRelease|Any CPU
		{60D84DA2-9A8A-444B-BB0A-12EA822CB7AE}.BananaRelease|iPhoneSimulator.Build.0 = BananaRelease|Any CPU
		{60D84DA2-9A8A-444B-BB0A-12EA822CB7AE}.BananaRelease|iPhoneSimulator.Deploy.0 = BananaRelease|Any CPU
		{60D84DA2-9A8A-444B-BB0A-12EA822CB7AE}.Debug|Any CPU.ActiveCfg = Debug|Any CPU
		{60D84DA2-9A8A-444B-BB0A-12EA822CB7AE}.Debug|Any CPU.Build.0 = Debug|Any CPU
		{60D84DA2-9A8A-444B-BB0A-12EA822CB7AE}.Debug|Any CPU.Deploy.0 = Debug|Any CPU
		{60D84DA2-9A8A-444B-BB0A-12EA822CB7AE}.Debug|iPhone.ActiveCfg = Debug|Any CPU
		{60D84DA2-9A8A-444B-BB0A-12EA822CB7AE}.Debug|iPhone.Build.0 = Debug|Any CPU
		{60D84DA2-9A8A-444B-BB0A-12EA822CB7AE}.Debug|iPhoneSimulator.ActiveCfg = Debug|Any CPU
		{60D84DA2-9A8A-444B-BB0A-12EA822CB7AE}.Debug|iPhoneSimulator.Build.0 = Debug|Any CPU
		{60D84DA2-9A8A-444B-BB0A-12EA822CB7AE}.Release|Any CPU.ActiveCfg = Release|Any CPU
		{60D84DA2-9A8A-444B-BB0A-12EA822CB7AE}.Release|Any CPU.Build.0 = Release|Any CPU
		{60D84DA2-9A8A-444B-BB0A-12EA822CB7AE}.Release|iPhone.ActiveCfg = Release|Any CPU
		{60D84DA2-9A8A-444B-BB0A-12EA822CB7AE}.Release|iPhone.Build.0 = Release|Any CPU
		{60D84DA2-9A8A-444B-BB0A-12EA822CB7AE}.Release|iPhoneSimulator.ActiveCfg = Release|Any CPU
		{60D84DA2-9A8A-444B-BB0A-12EA822CB7AE}.Release|iPhoneSimulator.Build.0 = Release|Any CPU
		{042D73FB-D9AA-487C-A464-7472324ED555}.BananaDebug|Any CPU.ActiveCfg = BananaDebug|iPhone
		{042D73FB-D9AA-487C-A464-7472324ED555}.BananaDebug|iPhone.ActiveCfg = BananaDebug|iPhone
		{042D73FB-D9AA-487C-A464-7472324ED555}.BananaDebug|iPhone.Build.0 = BananaDebug|iPhone
		{042D73FB-D9AA-487C-A464-7472324ED555}.BananaDebug|iPhoneSimulator.ActiveCfg = BananaDebug|iPhoneSimulator
		{042D73FB-D9AA-487C-A464-7472324ED555}.BananaDebug|iPhoneSimulator.Build.0 = BananaDebug|iPhoneSimulator
		{042D73FB-D9AA-487C-A464-7472324ED555}.BananaRelease|Any CPU.ActiveCfg = BananaRelease|iPhone
		{042D73FB-D9AA-487C-A464-7472324ED555}.BananaRelease|iPhone.ActiveCfg = BananaRelease|iPhone
		{042D73FB-D9AA-487C-A464-7472324ED555}.BananaRelease|iPhone.Build.0 = BananaRelease|iPhone
		{042D73FB-D9AA-487C-A464-7472324ED555}.BananaRelease|iPhoneSimulator.ActiveCfg = BananaRelease|iPhoneSimulator
		{042D73FB-D9AA-487C-A464-7472324ED555}.BananaRelease|iPhoneSimulator.Build.0 = BananaRelease|iPhoneSimulator
		{042D73FB-D9AA-487C-A464-7472324ED555}.Debug|Any CPU.ActiveCfg = Debug|iPhoneSimulator
		{042D73FB-D9AA-487C-A464-7472324ED555}.Debug|Any CPU.Build.0 = Debug|iPhoneSimulator
		{042D73FB-D9AA-487C-A464-7472324ED555}.Debug|iPhone.ActiveCfg = Debug|iPhone
		{042D73FB-D9AA-487C-A464-7472324ED555}.Debug|iPhone.Build.0 = Debug|iPhone
		{042D73FB-D9AA-487C-A464-7472324ED555}.Debug|iPhoneSimulator.ActiveCfg = Debug|iPhoneSimulator
		{042D73FB-D9AA-487C-A464-7472324ED555}.Debug|iPhoneSimulator.Build.0 = Debug|iPhoneSimulator
		{042D73FB-D9AA-487C-A464-7472324ED555}.Release|Any CPU.ActiveCfg = Release|iPhoneSimulator
		{042D73FB-D9AA-487C-A464-7472324ED555}.Release|Any CPU.Build.0 = Release|iPhoneSimulator
		{042D73FB-D9AA-487C-A464-7472324ED555}.Release|iPhone.ActiveCfg = Release|iPhone
		{042D73FB-D9AA-487C-A464-7472324ED555}.Release|iPhone.Build.0 = Release|iPhone
		{042D73FB-D9AA-487C-A464-7472324ED555}.Release|iPhoneSimulator.ActiveCfg = Release|iPhoneSimulator
		{042D73FB-D9AA-487C-A464-7472324ED555}.Release|iPhoneSimulator.Build.0 = Release|iPhoneSimulator
		{373D2082-568C-4630-90D2-B5C85E542EE0}.BananaDebug|Any CPU.ActiveCfg = BananaDebug|Any CPU
		{373D2082-568C-4630-90D2-B5C85E542EE0}.BananaDebug|Any CPU.Build.0 = BananaDebug|Any CPU
		{373D2082-568C-4630-90D2-B5C85E542EE0}.BananaDebug|iPhone.ActiveCfg = BananaDebug|Any CPU
		{373D2082-568C-4630-90D2-B5C85E542EE0}.BananaDebug|iPhone.Build.0 = BananaDebug|Any CPU
		{373D2082-568C-4630-90D2-B5C85E542EE0}.BananaDebug|iPhoneSimulator.ActiveCfg = BananaDebug|Any CPU
		{373D2082-568C-4630-90D2-B5C85E542EE0}.BananaDebug|iPhoneSimulator.Build.0 = BananaDebug|Any CPU
		{373D2082-568C-4630-90D2-B5C85E542EE0}.BananaRelease|Any CPU.ActiveCfg = BananaRelease|Any CPU
		{373D2082-568C-4630-90D2-B5C85E542EE0}.BananaRelease|Any CPU.Build.0 = BananaRelease|Any CPU
		{373D2082-568C-4630-90D2-B5C85E542EE0}.BananaRelease|iPhone.ActiveCfg = BananaRelease|Any CPU
		{373D2082-568C-4630-90D2-B5C85E542EE0}.BananaRelease|iPhone.Build.0 = BananaRelease|Any CPU
		{373D2082-568C-4630-90D2-B5C85E542EE0}.BananaRelease|iPhoneSimulator.ActiveCfg = BananaRelease|Any CPU
		{373D2082-568C-4630-90D2-B5C85E542EE0}.BananaRelease|iPhoneSimulator.Build.0 = BananaRelease|Any CPU
		{373D2082-568C-4630-90D2-B5C85E542EE0}.Debug|Any CPU.ActiveCfg = Debug|Any CPU
		{373D2082-568C-4630-90D2-B5C85E542EE0}.Debug|Any CPU.Build.0 = Debug|Any CPU
		{373D2082-568C-4630-90D2-B5C85E542EE0}.Debug|iPhone.ActiveCfg = Debug|Any CPU
		{373D2082-568C-4630-90D2-B5C85E542EE0}.Debug|iPhone.Build.0 = Debug|Any CPU
		{373D2082-568C-4630-90D2-B5C85E542EE0}.Debug|iPhoneSimulator.ActiveCfg = Debug|Any CPU
		{373D2082-568C-4630-90D2-B5C85E542EE0}.Debug|iPhoneSimulator.Build.0 = Debug|Any CPU
		{373D2082-568C-4630-90D2-B5C85E542EE0}.Release|Any CPU.ActiveCfg = Release|Any CPU
		{373D2082-568C-4630-90D2-B5C85E542EE0}.Release|Any CPU.Build.0 = Release|Any CPU
		{373D2082-568C-4630-90D2-B5C85E542EE0}.Release|iPhone.ActiveCfg = Release|Any CPU
		{373D2082-568C-4630-90D2-B5C85E542EE0}.Release|iPhone.Build.0 = Release|Any CPU
		{373D2082-568C-4630-90D2-B5C85E542EE0}.Release|iPhoneSimulator.ActiveCfg = Release|Any CPU
		{373D2082-568C-4630-90D2-B5C85E542EE0}.Release|iPhoneSimulator.Build.0 = Release|Any CPU
	EndGlobalSection
	GlobalSection(SolutionProperties) = preSolution
		HideSolutionNode = FALSE
	EndGlobalSection
	GlobalSection(ExtensibilityGlobals) = postSolution
		SolutionGuid = {E0A859CA-24AD-4793-8E5B-8D9D0A4B16E5}
	EndGlobalSection
EndGlobal
